
Microsoft Visual Studio Solution File, Format Version 12.00
# Visual Studio Version 16
VisualStudioVersion = 25.0.1703.7
MinimumVisualStudioVersion = 10.0.40219.1
Project("{FAE04EC0-301F-11D3-BF4B-00C04F79EFBC}") = "Square", "Square\Square.csproj", "{863E242F-38B5-4DD0-884B-0EEA058E6D62}"
EndProject
Global
	GlobalSection(SolutionConfigurationPlatforms) = preSolution
		Debug|Any CPU = Debug|Any CPU
		Release|Any CPU = Release|Any CPU
	EndGlobalSection
	GlobalSection(ProjectConfigurationPlatforms) = postSolution
		{863E242F-38B5-4DD0-884B-0EEA058E6D62}.Debug|Any CPU.ActiveCfg = Debug|Any CPU
		{863E242F-38B5-4DD0-884B-0EEA058E6D62}.Debug|Any CPU.Build.0 = Debug|Any CPU
		{863E242F-38B5-4DD0-884B-0EEA058E6D62}.Release|Any CPU.ActiveCfg = Release|Any CPU
		{863E242F-38B5-4DD0-884B-0EEA058E6D62}.Release|Any CPU.Build.0 = Release|Any CPU
	EndGlobalSection
	GlobalSection(SolutionProperties) = preSolution
		HideSolutionNode = FALSE
	EndGlobalSection
	GlobalSection(ExtensibilityGlobals) = postSolution
		SolutionGuid = {0B25E0E3-8BDD-43A4-8F42-41EAF86565E4}
	EndGlobalSection
EndGlobal
