
Microsoft Visual Studio Solution File, Format Version 12.00
# Visual Studio Version 16
VisualStudioVersion = 25.0.1703.7
MinimumVisualStudioVersion = 10.0.40219.1
Project("{FAE04EC0-301F-11D3-BF4B-00C04F79EFBC}") = "Animals", "Animals.csproj", "{86CB1901-D525-4A4D-B131-990110CDDE5F}"
EndProject
Global
	GlobalSection(SolutionConfigurationPlatforms) = preSolution
		Debug|Any CPU = Debug|Any CPU
		Release|Any CPU = Release|Any CPU
	EndGlobalSection
	GlobalSection(ProjectConfigurationPlatforms) = postSolution
		{86CB1901-D525-4A4D-B131-990110CDDE5F}.Debug|Any CPU.ActiveCfg = Debug|Any CPU
		{86CB1901-D525-4A4D-B131-990110CDDE5F}.Debug|Any CPU.Build.0 = Debug|Any CPU
		{86CB1901-D525-4A4D-B131-990110CDDE5F}.Release|Any CPU.ActiveCfg = Release|Any CPU
		{86CB1901-D525-4A4D-B131-990110CDDE5F}.Release|Any CPU.Build.0 = Release|Any CPU
	EndGlobalSection
	GlobalSection(SolutionProperties) = preSolution
		HideSolutionNode = FALSE
	EndGlobalSection
	GlobalSection(ExtensibilityGlobals) = postSolution
		SolutionGuid = {6C76832D-4259-4972-83BC-E5D6855203A2}
	EndGlobalSection
EndGlobal
