
Microsoft Visual Studio Solution File, Format Version 12.00
# Visual Studio Version 16
VisualStudioVersion = 25.0.1703.7
MinimumVisualStudioVersion = 10.0.40219.1
Project("{FAE04EC0-301F-11D3-BF4B-00C04F79EFBC}") = "Comparison", "Comparison\Comparison.csproj", "{7D80CCF3-090A-4FCC-AED2-F21734B40834}"
EndProject
Global
	GlobalSection(SolutionConfigurationPlatforms) = preSolution
		Debug|Any CPU = Debug|Any CPU
		Release|Any CPU = Release|Any CPU
	EndGlobalSection
	GlobalSection(ProjectConfigurationPlatforms) = postSolution
		{7D80CCF3-090A-4FCC-AED2-F21734B40834}.Debug|Any CPU.ActiveCfg = Debug|Any CPU
		{7D80CCF3-090A-4FCC-AED2-F21734B40834}.Debug|Any CPU.Build.0 = Debug|Any CPU
		{7D80CCF3-090A-4FCC-AED2-F21734B40834}.Release|Any CPU.ActiveCfg = Release|Any CPU
		{7D80CCF3-090A-4FCC-AED2-F21734B40834}.Release|Any CPU.Build.0 = Release|Any CPU
	EndGlobalSection
	GlobalSection(SolutionProperties) = preSolution
		HideSolutionNode = FALSE
	EndGlobalSection
	GlobalSection(ExtensibilityGlobals) = postSolution
		SolutionGuid = {8AA2955F-38D4-4F60-BD41-B367C86341C7}
	EndGlobalSection
EndGlobal
