
Microsoft Visual Studio Solution File, Format Version 12.00
# Visual Studio Version 16
VisualStudioVersion = 25.0.1703.7
MinimumVisualStudioVersion = 10.0.40219.1
Project("{FAE04EC0-301F-11D3-BF4B-00C04F79EFBC}") = "EvenOrOdd", "EvenOrOdd\EvenOrOdd.csproj", "{F7331600-33E3-4211-89DB-8E230F232B7F}"
EndProject
Global
	GlobalSection(SolutionConfigurationPlatforms) = preSolution
		Debug|Any CPU = Debug|Any CPU
		Release|Any CPU = Release|Any CPU
	EndGlobalSection
	GlobalSection(ProjectConfigurationPlatforms) = postSolution
		{F7331600-33E3-4211-89DB-8E230F232B7F}.Debug|Any CPU.ActiveCfg = Debug|Any CPU
		{F7331600-33E3-4211-89DB-8E230F232B7F}.Debug|Any CPU.Build.0 = Debug|Any CPU
		{F7331600-33E3-4211-89DB-8E230F232B7F}.Release|Any CPU.ActiveCfg = Release|Any CPU
		{F7331600-33E3-4211-89DB-8E230F232B7F}.Release|Any CPU.Build.0 = Release|Any CPU
	EndGlobalSection
	GlobalSection(SolutionProperties) = preSolution
		HideSolutionNode = FALSE
	EndGlobalSection
	GlobalSection(ExtensibilityGlobals) = postSolution
		SolutionGuid = {5D604692-B6E0-4A8A-A215-B8ADAEC8E13F}
	EndGlobalSection
EndGlobal
