
Microsoft Visual Studio Solution File, Format Version 12.00
# Visual Studio Version 16
VisualStudioVersion = 25.0.1703.7
MinimumVisualStudioVersion = 10.0.40219.1
Project("{FAE04EC0-301F-11D3-BF4B-00C04F79EFBC}") = "QuadraticEquation", "QuadraticEquation\QuadraticEquation.csproj", "{F80F8133-00C0-4FA0-989E-809E0D55A9CF}"
EndProject
Global
	GlobalSection(SolutionConfigurationPlatforms) = preSolution
		Debug|Any CPU = Debug|Any CPU
		Release|Any CPU = Release|Any CPU
	EndGlobalSection
	GlobalSection(ProjectConfigurationPlatforms) = postSolution
		{F80F8133-00C0-4FA0-989E-809E0D55A9CF}.Debug|Any CPU.ActiveCfg = Debug|Any CPU
		{F80F8133-00C0-4FA0-989E-809E0D55A9CF}.Debug|Any CPU.Build.0 = Debug|Any CPU
		{F80F8133-00C0-4FA0-989E-809E0D55A9CF}.Release|Any CPU.ActiveCfg = Release|Any CPU
		{F80F8133-00C0-4FA0-989E-809E0D55A9CF}.Release|Any CPU.Build.0 = Release|Any CPU
	EndGlobalSection
	GlobalSection(SolutionProperties) = preSolution
		HideSolutionNode = FALSE
	EndGlobalSection
	GlobalSection(ExtensibilityGlobals) = postSolution
		SolutionGuid = {A5835CC8-3983-4AFA-8D86-53A84D05B411}
	EndGlobalSection
EndGlobal
