
Microsoft Visual Studio Solution File, Format Version 12.00
# Visual Studio Version 16
VisualStudioVersion = 25.0.1703.7
MinimumVisualStudioVersion = 10.0.40219.1
Project("{FAE04EC0-301F-11D3-BF4B-00C04F79EFBC}") = "Fibonacci", "Fibonacci\Fibonacci.csproj", "{D3347748-5B34-4172-A7BE-8A9765DDD582}"
EndProject
Global
	GlobalSection(SolutionConfigurationPlatforms) = preSolution
		Debug|Any CPU = Debug|Any CPU
		Release|Any CPU = Release|Any CPU
	EndGlobalSection
	GlobalSection(ProjectConfigurationPlatforms) = postSolution
		{D3347748-5B34-4172-A7BE-8A9765DDD582}.Debug|Any CPU.ActiveCfg = Debug|Any CPU
		{D3347748-5B34-4172-A7BE-8A9765DDD582}.Debug|Any CPU.Build.0 = Debug|Any CPU
		{D3347748-5B34-4172-A7BE-8A9765DDD582}.Release|Any CPU.ActiveCfg = Release|Any CPU
		{D3347748-5B34-4172-A7BE-8A9765DDD582}.Release|Any CPU.Build.0 = Release|Any CPU
	EndGlobalSection
	GlobalSection(SolutionProperties) = preSolution
		HideSolutionNode = FALSE
	EndGlobalSection
	GlobalSection(ExtensibilityGlobals) = postSolution
		SolutionGuid = {5F0BB21B-3DCE-4D61-BA9A-CAB436FFAA64}
	EndGlobalSection
EndGlobal
