
Microsoft Visual Studio Solution File, Format Version 12.00
# Visual Studio Version 16
VisualStudioVersion = 25.0.1703.7
MinimumVisualStudioVersion = 10.0.40219.1
Project("{FAE04EC0-301F-11D3-BF4B-00C04F79EFBC}") = "NineMethods", "NineMethods\NineMethods.csproj", "{16FA1A97-F6A6-461B-AB6E-D70E7EBC0ADD}"
EndProject
Project("{FAE04EC0-301F-11D3-BF4B-00C04F79EFBC}") = "NineMethods.Test", "NineMethods.Test\NineMethods.Test.csproj", "{7F10A601-A096-4E47-8B22-1F840F07334A}"
EndProject
Global
	GlobalSection(SolutionConfigurationPlatforms) = preSolution
		Debug|Any CPU = Debug|Any CPU
		Release|Any CPU = Release|Any CPU
	EndGlobalSection
	GlobalSection(ProjectConfigurationPlatforms) = postSolution
		{16FA1A97-F6A6-461B-AB6E-D70E7EBC0ADD}.Debug|Any CPU.ActiveCfg = Debug|Any CPU
		{16FA1A97-F6A6-461B-AB6E-D70E7EBC0ADD}.Debug|Any CPU.Build.0 = Debug|Any CPU
		{16FA1A97-F6A6-461B-AB6E-D70E7EBC0ADD}.Release|Any CPU.ActiveCfg = Release|Any CPU
		{16FA1A97-F6A6-461B-AB6E-D70E7EBC0ADD}.Release|Any CPU.Build.0 = Release|Any CPU
		{7F10A601-A096-4E47-8B22-1F840F07334A}.Debug|Any CPU.ActiveCfg = Debug|Any CPU
		{7F10A601-A096-4E47-8B22-1F840F07334A}.Debug|Any CPU.Build.0 = Debug|Any CPU
		{7F10A601-A096-4E47-8B22-1F840F07334A}.Release|Any CPU.ActiveCfg = Release|Any CPU
		{7F10A601-A096-4E47-8B22-1F840F07334A}.Release|Any CPU.Build.0 = Release|Any CPU
	EndGlobalSection
	GlobalSection(SolutionProperties) = preSolution
		HideSolutionNode = FALSE
	EndGlobalSection
	GlobalSection(ExtensibilityGlobals) = postSolution
		SolutionGuid = {733D174F-49C5-42DD-B91A-4F89082AF40C}
	EndGlobalSection
EndGlobal
