
Microsoft Visual Studio Solution File, Format Version 12.00
# Visual Studio Version 16
VisualStudioVersion = 25.0.1703.7
MinimumVisualStudioVersion = 10.0.40219.1
Project("{FAE04EC0-301F-11D3-BF4B-00C04F79EFBC}") = "UserFullName", "UserFullName\UserFullName.csproj", "{35B1DF2D-E8D2-44B3-9B6A-5E3A41D8BE43}"
EndProject
Global
	GlobalSection(SolutionConfigurationPlatforms) = preSolution
		Debug|Any CPU = Debug|Any CPU
		Release|Any CPU = Release|Any CPU
	EndGlobalSection
	GlobalSection(ProjectConfigurationPlatforms) = postSolution
		{35B1DF2D-E8D2-44B3-9B6A-5E3A41D8BE43}.Debug|Any CPU.ActiveCfg = Debug|Any CPU
		{35B1DF2D-E8D2-44B3-9B6A-5E3A41D8BE43}.Debug|Any CPU.Build.0 = Debug|Any CPU
		{35B1DF2D-E8D2-44B3-9B6A-5E3A41D8BE43}.Release|Any CPU.ActiveCfg = Release|Any CPU
		{35B1DF2D-E8D2-44B3-9B6A-5E3A41D8BE43}.Release|Any CPU.Build.0 = Release|Any CPU
	EndGlobalSection
	GlobalSection(SolutionProperties) = preSolution
		HideSolutionNode = FALSE
	EndGlobalSection
	GlobalSection(ExtensibilityGlobals) = postSolution
		SolutionGuid = {A9A7ADB6-616E-4F31-A188-A399593A0509}
	EndGlobalSection
EndGlobal
