
Microsoft Visual Studio Solution File, Format Version 12.00
# Visual Studio Version 16
VisualStudioVersion = 25.0.1703.7
MinimumVisualStudioVersion = 10.0.40219.1
Project("{FAE04EC0-301F-11D3-BF4B-00C04F79EFBC}") = "multiplication", "multiplication\multiplication.csproj", "{DA169F0F-21EC-4CCF-8388-B41D89692800}"
EndProject
Global
	GlobalSection(SolutionConfigurationPlatforms) = preSolution
		Debug|Any CPU = Debug|Any CPU
		Release|Any CPU = Release|Any CPU
	EndGlobalSection
	GlobalSection(ProjectConfigurationPlatforms) = postSolution
		{DA169F0F-21EC-4CCF-8388-B41D89692800}.Debug|Any CPU.ActiveCfg = Debug|Any CPU
		{DA169F0F-21EC-4CCF-8388-B41D89692800}.Debug|Any CPU.Build.0 = Debug|Any CPU
		{DA169F0F-21EC-4CCF-8388-B41D89692800}.Release|Any CPU.ActiveCfg = Release|Any CPU
		{DA169F0F-21EC-4CCF-8388-B41D89692800}.Release|Any CPU.Build.0 = Release|Any CPU
	EndGlobalSection
	GlobalSection(SolutionProperties) = preSolution
		HideSolutionNode = FALSE
	EndGlobalSection
	GlobalSection(ExtensibilityGlobals) = postSolution
		SolutionGuid = {10AB02A2-900F-4B9A-B6C5-CDD17173DC18}
	EndGlobalSection
EndGlobal
