
Microsoft Visual Studio Solution File, Format Version 12.00
# Visual Studio Version 16
VisualStudioVersion = 25.0.1703.7
MinimumVisualStudioVersion = 10.0.40219.1
Project("{FAE04EC0-301F-11D3-BF4B-00C04F79EFBC}") = "BoobleTest", "BoobleTest.csproj", "{1216DEBF-6CBE-4279-80AF-02AB46A4E010}"
EndProject
Global
	GlobalSection(SolutionConfigurationPlatforms) = preSolution
		Debug|Any CPU = Debug|Any CPU
		Release|Any CPU = Release|Any CPU
	EndGlobalSection
	GlobalSection(ProjectConfigurationPlatforms) = postSolution
		{1216DEBF-6CBE-4279-80AF-02AB46A4E010}.Debug|Any CPU.ActiveCfg = Debug|Any CPU
		{1216DEBF-6CBE-4279-80AF-02AB46A4E010}.Debug|Any CPU.Build.0 = Debug|Any CPU
		{1216DEBF-6CBE-4279-80AF-02AB46A4E010}.Release|Any CPU.ActiveCfg = Release|Any CPU
		{1216DEBF-6CBE-4279-80AF-02AB46A4E010}.Release|Any CPU.Build.0 = Release|Any CPU
	EndGlobalSection
	GlobalSection(SolutionProperties) = preSolution
		HideSolutionNode = FALSE
	EndGlobalSection
	GlobalSection(ExtensibilityGlobals) = postSolution
		SolutionGuid = {C8B22C68-2DB9-4DE7-97CE-700BF5A727E3}
	EndGlobalSection
EndGlobal
