
Microsoft Visual Studio Solution File, Format Version 12.00
# Visual Studio Version 16
VisualStudioVersion = 25.0.1703.7
MinimumVisualStudioVersion = 10.0.40219.1
Project("{FAE04EC0-301F-11D3-BF4B-00C04F79EFBC}") = "StringArrayTest", "StringArrayTest.csproj", "{771BCA58-704F-4BC0-B113-DE4A12634A86}"
EndProject
Global
	GlobalSection(SolutionConfigurationPlatforms) = preSolution
		Debug|Any CPU = Debug|Any CPU
		Release|Any CPU = Release|Any CPU
	EndGlobalSection
	GlobalSection(ProjectConfigurationPlatforms) = postSolution
		{771BCA58-704F-4BC0-B113-DE4A12634A86}.Debug|Any CPU.ActiveCfg = Debug|Any CPU
		{771BCA58-704F-4BC0-B113-DE4A12634A86}.Debug|Any CPU.Build.0 = Debug|Any CPU
		{771BCA58-704F-4BC0-B113-DE4A12634A86}.Release|Any CPU.ActiveCfg = Release|Any CPU
		{771BCA58-704F-4BC0-B113-DE4A12634A86}.Release|Any CPU.Build.0 = Release|Any CPU
	EndGlobalSection
	GlobalSection(SolutionProperties) = preSolution
		HideSolutionNode = FALSE
	EndGlobalSection
	GlobalSection(ExtensibilityGlobals) = postSolution
		SolutionGuid = {4678B6BE-1E0B-4E24-9A55-3AA207619532}
	EndGlobalSection
EndGlobal
